
Microsoft Visual Studio Solution File, Format Version 11.00
# Visual Studio 2010
Project("{8BC9CEB8-8B4A-11D0-8D11-00A0C91BC942}") = "density_ogl", "density_ogl\density_ogl.vcxproj", "{A4C05AA0-A829-434C-86B8-F0FFF41AE4E3}"
EndProject
Project("{8BC9CEB8-8B4A-11D0-8D11-00A0C91BC942}") = "densviewer", "densviewer\densviewer.vcxproj", "{67B8842F-3168-4E29-AF19-F9E208F302BF}"
EndProject
Project("{8BC9CEB8-8B4A-11D0-8D11-00A0C91BC942}") = "density_cudarender", "density_cudarender\density_cudarender.vcxproj", "{E8C3BDAE-0DF1-44F6-A324-9938A5B0D95B}"
EndProject
Project("{8BC9CEB8-8B4A-11D0-8D11-00A0C91BC942}") = "tfilerender", "tfilerender\tfilerender.vcxproj", "{7C02D7C4-914C-46D3-8626-BEB248354A10}"
EndProject
Project("{8BC9CEB8-8B4A-11D0-8D11-00A0C91BC942}") = "TriDens", "TriDens\TriDens.vcxproj", "{D658DE3D-945F-42AD-9766-0A16767B2B0D}"
EndProject
Project("{8BC9CEB8-8B4A-11D0-8D11-00A0C91BC942}") = "TriSlicer", "TriSlicer\TriSlicer.vcxproj", "{9668C840-B8D2-4B66-A03A-31744B929B7F}"
EndProject
Global
	GlobalSection(SolutionConfigurationPlatforms) = preSolution
		Debug|Win32 = Debug|Win32
		Debug|x64 = Debug|x64
		Release|Win32 = Release|Win32
		Release|x64 = Release|x64
	EndGlobalSection
	GlobalSection(ProjectConfigurationPlatforms) = postSolution
		{A4C05AA0-A829-434C-86B8-F0FFF41AE4E3}.Debug|Win32.ActiveCfg = Debug|Win32
		{A4C05AA0-A829-434C-86B8-F0FFF41AE4E3}.Debug|Win32.Build.0 = Debug|Win32
		{A4C05AA0-A829-434C-86B8-F0FFF41AE4E3}.Debug|x64.ActiveCfg = Release|x64
		{A4C05AA0-A829-434C-86B8-F0FFF41AE4E3}.Debug|x64.Build.0 = Release|x64
		{A4C05AA0-A829-434C-86B8-F0FFF41AE4E3}.Release|Win32.ActiveCfg = Release|Win32
		{A4C05AA0-A829-434C-86B8-F0FFF41AE4E3}.Release|Win32.Build.0 = Release|Win32
		{A4C05AA0-A829-434C-86B8-F0FFF41AE4E3}.Release|x64.ActiveCfg = Release|x64
		{A4C05AA0-A829-434C-86B8-F0FFF41AE4E3}.Release|x64.Build.0 = Release|x64
		{67B8842F-3168-4E29-AF19-F9E208F302BF}.Debug|Win32.ActiveCfg = Debug|Win32
		{67B8842F-3168-4E29-AF19-F9E208F302BF}.Debug|Win32.Build.0 = Debug|Win32
		{67B8842F-3168-4E29-AF19-F9E208F302BF}.Debug|x64.ActiveCfg = Release|x64
		{67B8842F-3168-4E29-AF19-F9E208F302BF}.Debug|x64.Build.0 = Release|x64
		{67B8842F-3168-4E29-AF19-F9E208F302BF}.Release|Win32.ActiveCfg = Release|Win32
		{67B8842F-3168-4E29-AF19-F9E208F302BF}.Release|Win32.Build.0 = Release|Win32
		{67B8842F-3168-4E29-AF19-F9E208F302BF}.Release|x64.ActiveCfg = Release|x64
		{67B8842F-3168-4E29-AF19-F9E208F302BF}.Release|x64.Build.0 = Release|x64
		{E8C3BDAE-0DF1-44F6-A324-9938A5B0D95B}.Debug|Win32.ActiveCfg = Debug|Win32
		{E8C3BDAE-0DF1-44F6-A324-9938A5B0D95B}.Debug|Win32.Build.0 = Debug|Win32
		{E8C3BDAE-0DF1-44F6-A324-9938A5B0D95B}.Debug|x64.ActiveCfg = Release|x64
		{E8C3BDAE-0DF1-44F6-A324-9938A5B0D95B}.Debug|x64.Build.0 = Release|x64
		{E8C3BDAE-0DF1-44F6-A324-9938A5B0D95B}.Release|Win32.ActiveCfg = Release|Win32
		{E8C3BDAE-0DF1-44F6-A324-9938A5B0D95B}.Release|Win32.Build.0 = Release|Win32
		{E8C3BDAE-0DF1-44F6-A324-9938A5B0D95B}.Release|x64.ActiveCfg = Release|x64
		{E8C3BDAE-0DF1-44F6-A324-9938A5B0D95B}.Release|x64.Build.0 = Release|x64
		{7C02D7C4-914C-46D3-8626-BEB248354A10}.Debug|Win32.ActiveCfg = Debug|Win32
		{7C02D7C4-914C-46D3-8626-BEB248354A10}.Debug|Win32.Build.0 = Debug|Win32
		{7C02D7C4-914C-46D3-8626-BEB248354A10}.Debug|x64.ActiveCfg = Release|x64
		{7C02D7C4-914C-46D3-8626-BEB248354A10}.Debug|x64.Build.0 = Release|x64
		{7C02D7C4-914C-46D3-8626-BEB248354A10}.Release|Win32.ActiveCfg = Release|Win32
		{7C02D7C4-914C-46D3-8626-BEB248354A10}.Release|Win32.Build.0 = Release|Win32
		{7C02D7C4-914C-46D3-8626-BEB248354A10}.Release|x64.ActiveCfg = Release|x64
		{7C02D7C4-914C-46D3-8626-BEB248354A10}.Release|x64.Build.0 = Release|x64
		{D658DE3D-945F-42AD-9766-0A16767B2B0D}.Debug|Win32.ActiveCfg = Debug|Win32
		{D658DE3D-945F-42AD-9766-0A16767B2B0D}.Debug|Win32.Build.0 = Debug|Win32
		{D658DE3D-945F-42AD-9766-0A16767B2B0D}.Debug|x64.ActiveCfg = Release|x64
		{D658DE3D-945F-42AD-9766-0A16767B2B0D}.Debug|x64.Build.0 = Release|x64
		{D658DE3D-945F-42AD-9766-0A16767B2B0D}.Release|Win32.ActiveCfg = Release|Win32
		{D658DE3D-945F-42AD-9766-0A16767B2B0D}.Release|Win32.Build.0 = Release|Win32
		{D658DE3D-945F-42AD-9766-0A16767B2B0D}.Release|x64.ActiveCfg = Release|x64
		{D658DE3D-945F-42AD-9766-0A16767B2B0D}.Release|x64.Build.0 = Release|x64
		{9668C840-B8D2-4B66-A03A-31744B929B7F}.Debug|Win32.ActiveCfg = Debug|Win32
		{9668C840-B8D2-4B66-A03A-31744B929B7F}.Debug|Win32.Build.0 = Debug|Win32
		{9668C840-B8D2-4B66-A03A-31744B929B7F}.Debug|x64.ActiveCfg = Release|x64
		{9668C840-B8D2-4B66-A03A-31744B929B7F}.Debug|x64.Build.0 = Release|x64
		{9668C840-B8D2-4B66-A03A-31744B929B7F}.Release|Win32.ActiveCfg = Release|Win32
		{9668C840-B8D2-4B66-A03A-31744B929B7F}.Release|Win32.Build.0 = Release|Win32
		{9668C840-B8D2-4B66-A03A-31744B929B7F}.Release|x64.ActiveCfg = Release|x64
		{9668C840-B8D2-4B66-A03A-31744B929B7F}.Release|x64.Build.0 = Release|x64
	EndGlobalSection
	GlobalSection(SolutionProperties) = preSolution
		HideSolutionNode = FALSE
	EndGlobalSection
EndGlobal
