<?xml version="1.0" encoding="utf-8"?>
<Project ToolsVersion="4.0" xmlns="http://schemas.microsoft.com/developer/msbuild/2003">
  <ItemGroup>
    <Filter Include="Source Files">
      <UniqueIdentifier>{2406c2f9-6d7c-47d2-a89c-47f4606a67fe}</UniqueIdentifier>
    </Filter>
    <Filter Include="Header Files">
      <UniqueIdentifier>{5ad64565-c127-4457-9d35-2ea88c6300a4}</UniqueIdentifier>
    </Filter>
    <Filter Include="library">
      <UniqueIdentifier>{510ad0b5-da20-4874-8f43-4afbcb39afaa}</UniqueIdentifier>
    </Filter>
  </ItemGroup>
  <ItemGroup>
    <ClInclude Include="..\..\..\raster3\cudakernel.h">
      <Filter>Header Files</Filter>
    </ClInclude>
    <ClInclude Include="..\..\..\raster3\denrender.h">
      <Filter>Header Files</Filter>
    </ClInclude>
    <ClInclude Include="..\..\..\library\gadgetheader.h">
      <Filter>Header Files</Filter>
    </ClInclude>
    <ClInclude Include="..\..\..\library\gettimeofday_win.h">
      <Filter>Header Files</Filter>
    </ClInclude>
    <ClInclude Include="..\..\..\library\indtetrastream.h">
      <Filter>Header Files</Filter>
    </ClInclude>
    <ClInclude Include="..\..\..\library\processbar.h">
      <Filter>Header Files</Filter>
    </ClInclude>
    <ClInclude Include="..\..\..\library\readgadget.h">
      <Filter>Header Files</Filter>
    </ClInclude>
    <ClInclude Include="..\..\..\library\tetracut.h">
      <Filter>Header Files</Filter>
    </ClInclude>
    <ClInclude Include="..\..\..\library\tetrahedron.h">
      <Filter>Header Files</Filter>
    </ClInclude>
    <ClInclude Include="..\..\..\library\tetrastream.h">
      <Filter>Header Files</Filter>
    </ClInclude>
    <ClInclude Include="..\..\..\library\triangle.h">
      <Filter>Header Files</Filter>
    </ClInclude>
    <ClInclude Include="..\..\..\library\types.h">
      <Filter>Header Files</Filter>
    </ClInclude>
  </ItemGroup>
  <ItemGroup>
    <ClCompile Include="..\..\..\raster3\cudarender.cpp">
      <Filter>Source Files</Filter>
    </ClCompile>
    <ClCompile Include="..\..\..\raster3\cutzdens.cpp">
      <Filter>Source Files</Filter>
    </ClCompile>
    <ClCompile Include="..\..\..\library\gettimeofday_win.cpp">
      <Filter>library</Filter>
    </ClCompile>
    <ClCompile Include="..\..\..\library\indtetrahedron.cpp">
      <Filter>library</Filter>
    </ClCompile>
    <ClCompile Include="..\..\..\library\indtetrastream.cpp">
      <Filter>library</Filter>
    </ClCompile>
    <ClCompile Include="..\..\..\library\processbar.cpp">
      <Filter>library</Filter>
    </ClCompile>
    <ClCompile Include="..\..\..\library\readgadget.cpp">
      <Filter>library</Filter>
    </ClCompile>
    <ClCompile Include="..\..\..\library\tetracut.cpp">
      <Filter>library</Filter>
    </ClCompile>
    <ClCompile Include="..\..\..\library\tetrastream.cpp">
      <Filter>library</Filter>
    </ClCompile>
  </ItemGroup>
  <ItemGroup>
    <CudaCompile Include="..\..\..\raster3\cudakernel.cu">
      <Filter>Source Files</Filter>
    </CudaCompile>
  </ItemGroup>
</Project>