<?xml version="1.0" encoding="utf-8"?>
<Project ToolsVersion="4.0" xmlns="http://schemas.microsoft.com/developer/msbuild/2003">
  <ItemGroup>
    <Filter Include="src">
      <UniqueIdentifier>{f0dad11c-5b35-4c24-892c-59087ddaa5a0}</UniqueIdentifier>
    </Filter>
    <Filter Include="headers">
      <UniqueIdentifier>{e370572c-cd3a-4e60-9a13-bc72cddda962}</UniqueIdentifier>
    </Filter>
  </ItemGroup>
  <ItemGroup>
    <ClInclude Include="src\estimator.h">
      <Filter>headers</Filter>
    </ClInclude>
    <ClInclude Include="src\tetrastream.h">
      <Filter>headers</Filter>
    </ClInclude>
    <ClInclude Include="src\tetrahedron.h">
      <Filter>headers</Filter>
    </ClInclude>
    <ClInclude Include="src\kernel.h">
      <Filter>headers</Filter>
    </ClInclude>
    <ClInclude Include="src\types.h">
      <Filter>headers</Filter>
    </ClInclude>
    <ClInclude Include="src\readgadget.h">
      <Filter>headers</Filter>
    </ClInclude>
    <ClInclude Include="src\gadgetheader.h">
      <Filter>headers</Filter>
    </ClInclude>
    <ClInclude Include="src\gettimeofday_win.h">
      <Filter>headers</Filter>
    </ClInclude>
    <ClInclude Include="src\processbar.h">
      <Filter>headers</Filter>
    </ClInclude>
    <ClInclude Include="src\grid.h">
      <Filter>headers</Filter>
    </ClInclude>
    <ClInclude Include="src\gridmanager.h">
      <Filter>headers</Filter>
    </ClInclude>
  </ItemGroup>
  <ItemGroup>
    <ClCompile Include="src\main.cpp">
      <Filter>src</Filter>
    </ClCompile>
    <ClCompile Include="src\tetrastream.cpp">
      <Filter>src</Filter>
    </ClCompile>
    <ClCompile Include="src\estimator.cpp">
      <Filter>src</Filter>
    </ClCompile>
    <ClCompile Include="src\readgadget.cpp">
      <Filter>src</Filter>
    </ClCompile>
    <ClCompile Include="src\gettimeofday_win.cpp">
      <Filter>src</Filter>
    </ClCompile>
    <ClCompile Include="src\processbar.cpp">
      <Filter>src</Filter>
    </ClCompile>
    <ClCompile Include="src\gridmanager.cpp">
      <Filter>src</Filter>
    </ClCompile>
  </ItemGroup>
  <ItemGroup>
    <CudaCompile Include="src\tetrahedron.cu">
      <Filter>src</Filter>
    </CudaCompile>
    <CudaCompile Include="src\kernel.cu">
      <Filter>src</Filter>
    </CudaCompile>
  </ItemGroup>
</Project>